[{<<"cowboy">>,
  {git,"git://github.com/extend/cowboy.git",
       {ref,"db52494371ea249f38d51108c7d79cf487ff6374"}},
  0},
 {<<"cowlib">>,
  {git,"git://github.com/extend/cowlib.git",
       {ref,"63298e8e160031a70efff86a1acde7e7db1fcda6"}},
  1},
 {<<"evews">>,
  {git,"https://github.com/hazardfn/evews.git",
       {ref,"29955103be9c30aa578c6e557f9ddceb639e7d78"}},
  1},
 {<<"goldrush">>,
  {git,"git://github.com/DeadZen/goldrush.git",
       {ref,"212299233c7e7eb63a97be2777e1c05ebaa58dbe"}},
  1},
 {<<"jiffy">>,
  {git,"https://github.com/davisp/jiffy.git",
       {ref,"330f41c486cf949707eb494b855634df324a6d92"}},
  1},
 {<<"jsone">>,
  {git,"https://github.com/sile/jsone.git",
       {ref,"3c0e76d8bd5ed9f818ca6f1733adec3e2cd31ce2"}},
  1},
 {<<"jsx">>,
  {git,"https://github.com/talentdeficit/jsx.git",
       {ref,"3074d4865b3385a050badf7828ad31490d860df5"}},
  0},
 {<<"lager">>,
  {git,"git://github.com/basho/lager.git",
       {ref,"8187757388c9adc915379caaab36a2f2ca26e944"}},
  0},
 {<<"pry">>,
  {git,"https://github.com/ostera/pry.git",
       {ref,"cd6235d51c0646fe5bddb945462349edf62c17c0"}},
  0},
 {<<"ranch">>,
  {git,"git://github.com/extend/ranch.git",
       {ref,"5df1f222f94e08abdcab7084f5e13027143cc222"}},
  1}].
