[{<<"cowboy">>,
  {git,"git://github.com/extend/cowboy.git",
       {ref,"db52494371ea249f38d51108c7d79cf487ff6374"}},
  0},
 {<<"cowlib">>,
  {git,"git://github.com/extend/cowlib.git",
       {ref,"63298e8e160031a70efff86a1acde7e7db1fcda6"}},
  1},
 {<<"goldrush">>,
  {git,"git://github.com/DeadZen/goldrush.git",
       {ref,"212299233c7e7eb63a97be2777e1c05ebaa58dbe"}},
  1},
 {<<"jsx">>,
  {git,"https://github.com/talentdeficit/jsx.git",
       {ref,"3074d4865b3385a050badf7828ad31490d860df5"}},
  0},
 {<<"lager">>,
  {git,"git://github.com/basho/lager.git",
       {ref,"8187757388c9adc915379caaab36a2f2ca26e944"}},
  0},
 {<<"ranch">>,
  {git,"git://github.com/extend/ranch.git",
       {ref,"5df1f222f94e08abdcab7084f5e13027143cc222"}},
  1}].
